
Microsoft Visual Studio Solution File, Format Version 12.00
# Visual Studio Version 16
VisualStudioVersion = 16.0.30128.74
MinimumVisualStudioVersion = 10.0.40219.1
Project("{8BC9CEB8-8B4A-11D0-8D11-00A0C91BC942}") = "Vulkan Tutorial", "Vulkan Tutorial\Vulkan Tutorial.vcxproj", "{6BF3E6FF-5768-458F-97EB-987711B2E638}"
EndProject
Global
	GlobalSection(SolutionConfigurationPlatforms) = preSolution
		Debug|x64 = Debug|x64
		Release|x64 = Release|x64
	EndGlobalSection
	GlobalSection(ProjectConfigurationPlatforms) = postSolution
		{6BF3E6FF-5768-458F-97EB-987711B2E638}.Debug|x64.ActiveCfg = Debug|x64
		{6BF3E6FF-5768-458F-97EB-987711B2E638}.Debug|x64.Build.0 = Debug|x64
		{6BF3E6FF-5768-458F-97EB-987711B2E638}.Release|x64.ActiveCfg = Release|x64
		{6BF3E6FF-5768-458F-97EB-987711B2E638}.Release|x64.Build.0 = Release|x64
	EndGlobalSection
	GlobalSection(SolutionProperties) = preSolution
		HideSolutionNode = FALSE
	EndGlobalSection
	GlobalSection(ExtensibilityGlobals) = postSolution
		SolutionGuid = {15F4682A-C3CD-4A14-9F60-1B7B69AE8BAA}
	EndGlobalSection
EndGlobal
